{
  "version": 4,
  "terraform_version": "1.4.0",
  "serial": 30,
  "lineage": "6abf20cc-62f1-4895-8a85-18217ef5f1bb",
  "outputs": {},
  "resources": [
    {
      "mode": "managed",
      "type": "azurerm_api_management",
      "name": "apim",
      "provider": "provider[\"registry.terraform.io/hashicorp/azurerm\"]",
      "instances": [
        {
          "schema_version": 0,
          "attributes": {
            "additional_location": [],
            "certificate": [],
            "client_certificate_enabled": false,
            "delegation": [
              {
                "subscriptions_enabled": false,
                "url": "",
                "user_registration_enabled": false,
                "validation_key": ""
              }
            ],
            "developer_portal_url": "https://apimtestingjay.developer.azure-api.net",
            "gateway_disabled": false,
            "gateway_regional_url": "https://apimtestingjay-eastus-01.regional.azure-api.net",
            "gateway_url": "https://apimtestingjay.azure-api.net",
            "hostname_configuration": [
              {
                "developer_portal": [],
                "management": [],
                "portal": [],
                "proxy": [
                  {
                    "certificate": "",
                    "certificate_password": "",
                    "certificate_source": "BuiltIn",
                    "certificate_status": "",
                    "default_ssl_binding": true,
                    "expiry": "",
                    "host_name": "apimtestingjay.azure-api.net",
                    "key_vault_id": "",
                    "negotiate_client_certificate": false,
                    "ssl_keyvault_identity_client_id": "",
                    "subject": "",
                    "thumbprint": ""
                  }
                ],
                "scm": []
              }
            ],
            "id": "/subscriptions/a0deab77-cecb-4233-a8b9-35447c1e89ac/resourceGroups/apis/providers/Microsoft.ApiManagement/service/apimtestingjay",
            "identity": [],
            "location": "eastus",
            "management_api_url": "https://apimtestingjay.management.azure-api.net",
            "min_api_version": "",
            "name": "apimtestingjay",
            "notification_sender_email": "apimgmt-noreply@mail.windowsazure.com",
            "policy": [
              {
                "xml_content": "\u003c!--\r\n    IMPORTANT:\r\n    - Policy elements can appear only within the \u003cinbound\u003e, \u003coutbound\u003e, \u003cbackend\u003e section elements.\r\n    - Only the \u003cforward-request\u003e policy element can appear within the \u003cbackend\u003e section element.\r\n    - To apply a policy to the incoming request (before it is forwarded to the backend service), place a corresponding policy element within the \u003cinbound\u003e section element.\r\n    - To apply a policy to the outgoing response (before it is sent back to the caller), place a corresponding policy element within the \u003coutbound\u003e section element.\r\n    - To add a policy position the cursor at the desired insertion point and click on the round button associated with the policy.\r\n    - To remove a policy, delete the corresponding policy statement from the policy document.\r\n    - Policies are applied in the order of their appearance, from the top down.\r\n--\u003e\r\n\u003cpolicies\u003e\r\n\t\u003cinbound /\u003e\r\n\t\u003cbackend\u003e\r\n\t\t\u003cforward-request /\u003e\r\n\t\u003c/backend\u003e\r\n\t\u003coutbound /\u003e\r\n\u003c/policies\u003e",
                "xml_link": ""
              }
            ],
            "portal_url": "https://apimtestingjay.portal.azure-api.net",
            "private_ip_addresses": [],
            "protocols": [
              {
                "enable_http2": false
              }
            ],
            "public_ip_address_id": "",
            "public_ip_addresses": [
              "20.62.218.29"
            ],
            "public_network_access_enabled": true,
            "publisher_email": "Justin.Laws@sas.com",
            "publisher_name": "SAS",
            "resource_group_name": "apis",
            "scm_url": "https://apimtestingjay.scm.azure-api.net",
            "security": [
              {
                "enable_backend_ssl30": false,
                "enable_backend_tls10": false,
                "enable_backend_tls11": false,
                "enable_frontend_ssl30": false,
                "enable_frontend_tls10": false,
                "enable_frontend_tls11": false,
                "tls_ecdhe_ecdsa_with_aes128_cbc_sha_ciphers_enabled": false,
                "tls_ecdhe_ecdsa_with_aes256_cbc_sha_ciphers_enabled": false,
                "tls_ecdhe_rsa_with_aes128_cbc_sha_ciphers_enabled": false,
                "tls_ecdhe_rsa_with_aes256_cbc_sha_ciphers_enabled": false,
                "tls_rsa_with_aes128_cbc_sha256_ciphers_enabled": false,
                "tls_rsa_with_aes128_cbc_sha_ciphers_enabled": false,
                "tls_rsa_with_aes128_gcm_sha256_ciphers_enabled": false,
                "tls_rsa_with_aes256_cbc_sha256_ciphers_enabled": false,
                "tls_rsa_with_aes256_cbc_sha_ciphers_enabled": false,
                "tls_rsa_with_aes256_gcm_sha384_ciphers_enabled": false,
                "triple_des_ciphers_enabled": false
              }
            ],
            "sign_in": [
              {
                "enabled": false
              }
            ],
            "sign_up": [
              {
                "enabled": false,
                "terms_of_service": [
                  {
                    "consent_required": false,
                    "enabled": false,
                    "text": ""
                  }
                ]
              }
            ],
            "sku_name": "Developer_1",
            "tags": null,
            "tenant_access": [
              {
                "enabled": false,
                "primary_key": "as38Y9Fs/AXHPtq/gvzP1cCpAogXfkZei68hMi9qznBGyx3jjqK5YPGZhacsgM9FYlruPCmZCyhqCka9KxycvA==",
                "secondary_key": "BCJh484KahYFnh+OERjWL1Sr6HD9hKQYc1k33sxmJSrBnV+YAw0tcK7wGzTy+jnFryv6M1O4BG/Yuck9vtXzoQ==",
                "tenant_id": "/tenant/access"
              }
            ],
            "timeouts": null,
            "virtual_network_configuration": [],
            "virtual_network_type": "None",
            "zones": null
          },
          "sensitive_attributes": [],
          "private": "eyJlMmJmYjczMC1lY2FhLTExZTYtOGY4OC0zNDM2M2JjN2M0YzAiOnsiY3JlYXRlIjoxMDgwMDAwMDAwMDAwMCwiZGVsZXRlIjoxMDgwMDAwMDAwMDAwMCwicmVhZCI6MzAwMDAwMDAwMDAwLCJ1cGRhdGUiOjEwODAwMDAwMDAwMDAwfX0=",
          "dependencies": [
            "azurerm_resource_group.apis"
          ]
        }
      ]
    },
    {
      "mode": "managed",
      "type": "azurerm_api_management_api",
      "name": "conferenceApi",
      "provider": "provider[\"registry.terraform.io/hashicorp/azurerm\"]",
      "instances": [
        {
          "schema_version": 0,
          "attributes": {
            "api_management_name": "apimtestingjay",
            "api_type": "http",
            "contact": [],
            "description": "",
            "display_name": "conference API",
            "id": "/subscriptions/a0deab77-cecb-4233-a8b9-35447c1e89ac/resourceGroups/apis/providers/Microsoft.ApiManagement/service/apimtestingjay/apis/conference-api",
            "import": [
              {
                "content_format": "swagger-link-json",
                "content_value": "http://conferenceapi.azurewebsites.net/?format=json",
                "wsdl_selector": []
              }
            ],
            "is_current": true,
            "is_online": false,
            "license": [],
            "name": "conference-api",
            "oauth2_authorization": [],
            "openid_authentication": [],
            "path": "conferences",
            "protocols": [
              "http",
              "https"
            ],
            "resource_group_name": "apis",
            "revision": "1",
            "revision_description": "",
            "service_url": "",
            "soap_pass_through": false,
            "source_api_id": null,
            "subscription_key_parameter_names": [
              {
                "header": "Ocp-Apim-Subscription-Key",
                "query": "subscription-key"
              }
            ],
            "subscription_required": true,
            "terms_of_service_url": "",
            "timeouts": null,
            "version": "",
            "version_description": "",
            "version_set_id": ""
          },
          "sensitive_attributes": [],
          "private": "eyJlMmJmYjczMC1lY2FhLTExZTYtOGY4OC0zNDM2M2JjN2M0YzAiOnsiY3JlYXRlIjoxODAwMDAwMDAwMDAwLCJkZWxldGUiOjE4MDAwMDAwMDAwMDAsInJlYWQiOjMwMDAwMDAwMDAwMCwidXBkYXRlIjoxODAwMDAwMDAwMDAwfX0=",
          "dependencies": [
            "azurerm_api_management.apim",
            "azurerm_resource_group.apis"
          ]
        }
      ]
    },
    {
      "mode": "managed",
      "type": "azurerm_api_management_api_diagnostic",
      "name": "apiDiagnostics",
      "provider": "provider[\"registry.terraform.io/hashicorp/azurerm\"]",
      "instances": [
        {
          "index_key": "conferenceApi",
          "schema_version": 0,
          "attributes": {
            "always_log_errors": false,
            "api_management_logger_id": "/subscriptions/a0deab77-cecb-4233-a8b9-35447c1e89ac/resourceGroups/apis/providers/Microsoft.ApiManagement/service/apimtestingjay/loggers/appInsightsLogger",
            "api_management_name": "apimtestingjay",
            "api_name": "conference-api",
            "backend_request": [
              {
                "body_bytes": 0,
                "data_masking": [
                  {
                    "headers": [],
                    "query_params": [
                      {
                        "mode": "Hide",
                        "value": "*"
                      }
                    ]
                  }
                ],
                "headers_to_log": []
              }
            ],
            "backend_response": [],
            "frontend_request": [
              {
                "body_bytes": 0,
                "data_masking": [
                  {
                    "headers": [],
                    "query_params": [
                      {
                        "mode": "Hide",
                        "value": "*"
                      }
                    ]
                  }
                ],
                "headers_to_log": []
              }
            ],
            "frontend_response": [],
            "http_correlation_protocol": "Legacy",
            "id": "/subscriptions/a0deab77-cecb-4233-a8b9-35447c1e89ac/resourceGroups/apis/providers/Microsoft.ApiManagement/service/apimtestingjay/apis/conference-api/diagnostics/applicationinsights",
            "identifier": "applicationinsights",
            "log_client_ip": true,
            "operation_name_format": "Name",
            "resource_group_name": "apis",
            "sampling_percentage": null,
            "timeouts": null,
            "verbosity": ""
          },
          "sensitive_attributes": [],
          "private": "eyJlMmJmYjczMC1lY2FhLTExZTYtOGY4OC0zNDM2M2JjN2M0YzAiOnsiY3JlYXRlIjoxODAwMDAwMDAwMDAwLCJkZWxldGUiOjE4MDAwMDAwMDAwMDAsInJlYWQiOjMwMDAwMDAwMDAwMCwidXBkYXRlIjoxODAwMDAwMDAwMDAwfX0=",
          "dependencies": [
            "azurerm_api_management.apim",
            "azurerm_api_management_logger.logger",
            "azurerm_application_insights.appInsights",
            "azurerm_resource_group.apis"
          ]
        }
      ]
    },
    {
      "mode": "managed",
      "type": "azurerm_api_management_logger",
      "name": "logger",
      "provider": "provider[\"registry.terraform.io/hashicorp/azurerm\"]",
      "instances": [
        {
          "schema_version": 0,
          "attributes": {
            "api_management_name": "apimtestingjay",
            "application_insights": [
              {
                "instrumentation_key": "3a3cba5f-3e1c-4d31-acc3-474d941ddd0b"
              }
            ],
            "buffered": true,
            "description": "",
            "eventhub": [],
            "id": "/subscriptions/a0deab77-cecb-4233-a8b9-35447c1e89ac/resourceGroups/apis/providers/Microsoft.ApiManagement/service/apimtestingjay/loggers/appInsightsLogger",
            "name": "appInsightsLogger",
            "resource_group_name": "apis",
            "resource_id": "",
            "timeouts": null
          },
          "sensitive_attributes": [
            [
              {
                "type": "get_attr",
                "value": "application_insights"
              },
              {
                "type": "index",
                "value": {
                  "value": 0,
                  "type": "number"
                }
              },
              {
                "type": "get_attr",
                "value": "instrumentation_key"
              }
            ]
          ],
          "private": "eyJlMmJmYjczMC1lY2FhLTExZTYtOGY4OC0zNDM2M2JjN2M0YzAiOnsiY3JlYXRlIjoxODAwMDAwMDAwMDAwLCJkZWxldGUiOjE4MDAwMDAwMDAwMDAsInJlYWQiOjMwMDAwMDAwMDAwMCwidXBkYXRlIjoxODAwMDAwMDAwMDAwfX0=",
          "dependencies": [
            "azurerm_api_management.apim",
            "azurerm_application_insights.appInsights",
            "azurerm_resource_group.apis"
          ]
        }
      ]
    },
    {
      "mode": "managed",
      "type": "azurerm_application_insights",
      "name": "appInsights",
      "provider": "provider[\"registry.terraform.io/hashicorp/azurerm\"]",
      "instances": [
        {
          "schema_version": 1,
          "attributes": {
            "app_id": "238c43ed-5004-4adb-a477-91e8350faace",
            "application_type": "web",
            "connection_string": "InstrumentationKey=3a3cba5f-3e1c-4d31-acc3-474d941ddd0b;IngestionEndpoint=https://eastus-1.in.applicationinsights.azure.com/;LiveEndpoint=https://eastus.livediagnostics.monitor.azure.com/",
            "daily_data_cap_in_gb": 100,
            "daily_data_cap_notifications_disabled": false,
            "disable_ip_masking": false,
            "force_customer_storage_for_profiler": false,
            "id": "/subscriptions/a0deab77-cecb-4233-a8b9-35447c1e89ac/resourceGroups/apis/providers/Microsoft.Insights/components/apminsights",
            "instrumentation_key": "3a3cba5f-3e1c-4d31-acc3-474d941ddd0b",
            "internet_ingestion_enabled": true,
            "internet_query_enabled": true,
            "local_authentication_disabled": false,
            "location": "eastus",
            "name": "apminsights",
            "resource_group_name": "apis",
            "retention_in_days": 90,
            "sampling_percentage": 100,
            "tags": null,
            "timeouts": null,
            "workspace_id": ""
          },
          "sensitive_attributes": [],
          "private": "eyJlMmJmYjczMC1lY2FhLTExZTYtOGY4OC0zNDM2M2JjN2M0YzAiOnsiY3JlYXRlIjozNjAwMDAwMDAwMDAwLCJkZWxldGUiOjE4MDAwMDAwMDAwMDAsInJlYWQiOjMwMDAwMDAwMDAwMCwidXBkYXRlIjoxODAwMDAwMDAwMDAwfSwic2NoZW1hX3ZlcnNpb24iOiIxIn0=",
          "dependencies": [
            "azurerm_resource_group.apis"
          ]
        }
      ]
    },
    {
      "mode": "managed",
      "type": "azurerm_resource_group",
      "name": "apis",
      "provider": "provider[\"registry.terraform.io/hashicorp/azurerm\"]",
      "instances": [
        {
          "schema_version": 0,
          "attributes": {
            "id": "/subscriptions/a0deab77-cecb-4233-a8b9-35447c1e89ac/resourceGroups/apis",
            "location": "eastus",
            "name": "apis",
            "tags": null,
            "timeouts": null
          },
          "sensitive_attributes": [],
          "private": "eyJlMmJmYjczMC1lY2FhLTExZTYtOGY4OC0zNDM2M2JjN2M0YzAiOnsiY3JlYXRlIjo1NDAwMDAwMDAwMDAwLCJkZWxldGUiOjU0MDAwMDAwMDAwMDAsInJlYWQiOjMwMDAwMDAwMDAwMCwidXBkYXRlIjo1NDAwMDAwMDAwMDAwfX0="
        }
      ]
    }
  ],
  "check_results": null
}
